
Microsoft Visual Studio Solution File, Format Version 12.00
# Visual Studio Version 16
VisualStudioVersion = 16.0.30804.86
MinimumVisualStudioVersion = 10.0.40219.1
Project("{FAE04EC0-301F-11D3-BF4B-00C04F79EFBC}") = "MyCityAPI", "MyCityAPI.csproj", "{2AA4F515-E00D-4339-9697-761FEE2F6322}"
EndProject
Project("{FAE04EC0-301F-11D3-BF4B-00C04F79EFBC}") = "MyCityAPIClient", "..\MyCityAPIClient\MyCityAPIClient.csproj", "{01C27B6D-0687-4AF1-8C79-B44E6A333FA6}"
EndProject
Global
	GlobalSection(SolutionConfigurationPlatforms) = preSolution
		Debug|Any CPU = Debug|Any CPU
		Release|Any CPU = Release|Any CPU
	EndGlobalSection
	GlobalSection(ProjectConfigurationPlatforms) = postSolution
		{2AA4F515-E00D-4339-9697-761FEE2F6322}.Debug|Any CPU.ActiveCfg = Debug|Any CPU
		{2AA4F515-E00D-4339-9697-761FEE2F6322}.Debug|Any CPU.Build.0 = Debug|Any CPU
		{2AA4F515-E00D-4339-9697-761FEE2F6322}.Release|Any CPU.ActiveCfg = Release|Any CPU
		{2AA4F515-E00D-4339-9697-761FEE2F6322}.Release|Any CPU.Build.0 = Release|Any CPU
		{01C27B6D-0687-4AF1-8C79-B44E6A333FA6}.Debug|Any CPU.ActiveCfg = Debug|Any CPU
		{01C27B6D-0687-4AF1-8C79-B44E6A333FA6}.Debug|Any CPU.Build.0 = Debug|Any CPU
		{01C27B6D-0687-4AF1-8C79-B44E6A333FA6}.Release|Any CPU.ActiveCfg = Release|Any CPU
		{01C27B6D-0687-4AF1-8C79-B44E6A333FA6}.Release|Any CPU.Build.0 = Release|Any CPU
	EndGlobalSection
	GlobalSection(SolutionProperties) = preSolution
		HideSolutionNode = FALSE
	EndGlobalSection
	GlobalSection(ExtensibilityGlobals) = postSolution
		SolutionGuid = {3AA9A8B6-3B32-425F-8309-B0E63AC47309}
	EndGlobalSection
EndGlobal
